// !$*UTF8*$!
{
	archiveVersion = 1;
	classes = {
	};
	objectVersion = 50;
	objects = {

/* Begin PBXBuildFile section */
		029CF65323F76F4E00D6ACBD /* AppDelegate.swift in Sources */ = {isa = PBXBuildFile; fileRef = 029CF65223F76F4E00D6ACBD /* AppDelegate.swift */; };
		029CF65723F76F4E00D6ACBD /* RoutesViewController.swift in Sources */ = {isa = PBXBuildFile; fileRef = 029CF65623F76F4E00D6ACBD /* RoutesViewController.swift */; };
		029CF65A23F76F4E00D6ACBD /* RoutesViewController.storyboard in Resources */ = {isa = PBXBuildFile; fileRef = 029CF65823F76F4E00D6ACBD /* RoutesViewController.storyboard */; };
		029CF65C23F76F5000D6ACBD /* Assets.xcassets in Resources */ = {isa = PBXBuildFile; fileRef = 029CF65B23F76F5000D6ACBD /* Assets.xcassets */; };
		029CF65F23F76F5000D6ACBD /* LaunchScreen.storyboard in Resources */ = {isa = PBXBuildFile; fileRef = 029CF65D23F76F5000D6ACBD /* LaunchScreen.storyboard */; };
		029CF66A23F76F5000D6ACBD /* produceheroTests.swift in Sources */ = {isa = PBXBuildFile; fileRef = 029CF66923F76F5000D6ACBD /* produceheroTests.swift */; };
		029CF67523F76F5000D6ACBD /* produceheroUITests.swift in Sources */ = {isa = PBXBuildFile; fileRef = 029CF67423F76F5000D6ACBD /* produceheroUITests.swift */; };
		029CF68623F7703B00D6ACBD /* Default-568h@2x.png in Resources */ = {isa = PBXBuildFile; fileRef = 029CF68523F7703B00D6ACBD /* Default-568h@2x.png */; };
		029CF68C23F86B5C00D6ACBD /* LoginViewController.swift in Sources */ = {isa = PBXBuildFile; fileRef = 029CF68B23F86B5C00D6ACBD /* LoginViewController.swift */; };
		029CF68E23F86B7000D6ACBD /* LoginViewController.storyboard in Resources */ = {isa = PBXBuildFile; fileRef = 029CF68D23F86B7000D6ACBD /* LoginViewController.storyboard */; };
		029CF69023F86CA600D6ACBD /* istockphoto-589415708-1024x1024.jpg in Resources */ = {isa = PBXBuildFile; fileRef = 029CF68F23F86CA500D6ACBD /* istockphoto-589415708-1024x1024.jpg */; };
		029CF69323F8828200D6ACBD /* LoginService.swift in Sources */ = {isa = PBXBuildFile; fileRef = 029CF69223F8828200D6ACBD /* LoginService.swift */; };
		029CF69823F8904B00D6ACBD /* User.swift in Sources */ = {isa = PBXBuildFile; fileRef = 029CF69723F8904B00D6ACBD /* User.swift */; };
		029CF69A23F8B32E00D6ACBD /* Route.swift in Sources */ = {isa = PBXBuildFile; fileRef = 029CF69923F8B32E00D6ACBD /* Route.swift */; };
		029CF69C23F8BC5F00D6ACBD /* RouteService.swift in Sources */ = {isa = PBXBuildFile; fileRef = 029CF69B23F8BC5F00D6ACBD /* RouteService.swift */; };
		029CF69E23F8BCE300D6ACBD /* RoutePlan.swift in Sources */ = {isa = PBXBuildFile; fileRef = 029CF69D23F8BCE300D6ACBD /* RoutePlan.swift */; };
		029CF6A023F8C14900D6ACBD /* OrderItem.swift in Sources */ = {isa = PBXBuildFile; fileRef = 029CF69F23F8C14800D6ACBD /* OrderItem.swift */; };
		029CF6A323F8F2BF00D6ACBD /* OrderViewController.swift in Sources */ = {isa = PBXBuildFile; fileRef = 029CF6A223F8F2BF00D6ACBD /* OrderViewController.swift */; };
		029CF6A523F8F2CE00D6ACBD /* OrderViewController.storyboard in Resources */ = {isa = PBXBuildFile; fileRef = 029CF6A423F8F2CE00D6ACBD /* OrderViewController.storyboard */; };
		029CF6A823F8F73500D6ACBD /* RoutePlanViewController.swift in Sources */ = {isa = PBXBuildFile; fileRef = 029CF6A723F8F73500D6ACBD /* RoutePlanViewController.swift */; };
		029CF6AA23F8F74200D6ACBD /* RoutePlanViewController.storyboard in Resources */ = {isa = PBXBuildFile; fileRef = 029CF6A923F8F74200D6ACBD /* RoutePlanViewController.storyboard */; };
		029CF6AE23F8FDEE00D6ACBD /* RoutePlanCell.swift in Sources */ = {isa = PBXBuildFile; fileRef = 029CF6AC23F8FDEE00D6ACBD /* RoutePlanCell.swift */; };
		029CF6AF23F8FDEE00D6ACBD /* RoutePlanCell.xib in Resources */ = {isa = PBXBuildFile; fileRef = 029CF6AD23F8FDEE00D6ACBD /* RoutePlanCell.xib */; };
		029CF6B323F9972800D6ACBD /* UIColor+ProduceHero.swift in Sources */ = {isa = PBXBuildFile; fileRef = 029CF6B223F9972800D6ACBD /* UIColor+ProduceHero.swift */; };
		029CF6B523F9A28D00D6ACBD /* ShadowButton.swift in Sources */ = {isa = PBXBuildFile; fileRef = 029CF6B423F9A28D00D6ACBD /* ShadowButton.swift */; };
		029CF6B923F9BCB200D6ACBD /* OrderItemCell.swift in Sources */ = {isa = PBXBuildFile; fileRef = 029CF6B723F9BCB200D6ACBD /* OrderItemCell.swift */; };
		029CF6BA23F9BCB200D6ACBD /* OrderItemCell.xib in Resources */ = {isa = PBXBuildFile; fileRef = 029CF6B823F9BCB200D6ACBD /* OrderItemCell.xib */; };
		029CF6BF23F9FB9500D6ACBD /* SignOrderViewController.swift in Sources */ = {isa = PBXBuildFile; fileRef = 029CF6BE23F9FB9500D6ACBD /* SignOrderViewController.swift */; };
		029CF6C123F9FBB900D6ACBD /* SignOrderViewController.storyboard in Resources */ = {isa = PBXBuildFile; fileRef = 029CF6C023F9FBB900D6ACBD /* SignOrderViewController.storyboard */; };
		029CF6C323FA0DBC00D6ACBD /* CanvasView.swift in Sources */ = {isa = PBXBuildFile; fileRef = 029CF6C223FA0DBC00D6ACBD /* CanvasView.swift */; };
		029CF6C623FA450300D6ACBD /* EditOrderItemViewController.swift in Sources */ = {isa = PBXBuildFile; fileRef = 029CF6C523FA450300D6ACBD /* EditOrderItemViewController.swift */; };
		029CF6C823FA451B00D6ACBD /* EditOrderItemViewController.storyboard in Resources */ = {isa = PBXBuildFile; fileRef = 029CF6C723FA451B00D6ACBD /* EditOrderItemViewController.storyboard */; };
		02F509BA23FAFB4100BBB06C /* QuantityCounterView.swift in Sources */ = {isa = PBXBuildFile; fileRef = 02F509B923FAFB4100BBB06C /* QuantityCounterView.swift */; };
		02F509BC23FAFB5300BBB06C /* QuantityCounterView.xib in Resources */ = {isa = PBXBuildFile; fileRef = 02F509BB23FAFB5300BBB06C /* QuantityCounterView.xib */; };
/* End PBXBuildFile section */

/* Begin PBXContainerItemProxy section */
		029CF66623F76F5000D6ACBD /* PBXContainerItemProxy */ = {
			isa = PBXContainerItemProxy;
			containerPortal = 029CF64723F76F4E00D6ACBD /* Project object */;
			proxyType = 1;
			remoteGlobalIDString = 029CF64E23F76F4E00D6ACBD;
			remoteInfo = producehero;
		};
		029CF67123F76F5000D6ACBD /* PBXContainerItemProxy */ = {
			isa = PBXContainerItemProxy;
			containerPortal = 029CF64723F76F4E00D6ACBD /* Project object */;
			proxyType = 1;
			remoteGlobalIDString = 029CF64E23F76F4E00D6ACBD;
			remoteInfo = producehero;
		};
/* End PBXContainerItemProxy section */

/* Begin PBXFileReference section */
		029CF64F23F76F4E00D6ACBD /* producehero.app */ = {isa = PBXFileReference; explicitFileType = wrapper.application; includeInIndex = 0; path = producehero.app; sourceTree = BUILT_PRODUCTS_DIR; };
		029CF65223F76F4E00D6ACBD /* AppDelegate.swift */ = {isa = PBXFileReference; lastKnownFileType = sourcecode.swift; path = AppDelegate.swift; sourceTree = "<group>"; };
		029CF65623F76F4E00D6ACBD /* RoutesViewController.swift */ = {isa = PBXFileReference; lastKnownFileType = sourcecode.swift; path = RoutesViewController.swift; sourceTree = "<group>"; };
		029CF65923F76F4E00D6ACBD /* Base */ = {isa = PBXFileReference; lastKnownFileType = file.storyboard; name = Base; path = Base.lproj/RoutesViewController.storyboard; sourceTree = "<group>"; };
		029CF65B23F76F5000D6ACBD /* Assets.xcassets */ = {isa = PBXFileReference; lastKnownFileType = folder.assetcatalog; path = Assets.xcassets; sourceTree = "<group>"; };
		029CF65E23F76F5000D6ACBD /* Base */ = {isa = PBXFileReference; lastKnownFileType = file.storyboard; name = Base; path = Base.lproj/LaunchScreen.storyboard; sourceTree = "<group>"; };
		029CF66023F76F5000D6ACBD /* Info.plist */ = {isa = PBXFileReference; lastKnownFileType = text.plist.xml; path = Info.plist; sourceTree = "<group>"; };
		029CF66523F76F5000D6ACBD /* produceheroTests.xctest */ = {isa = PBXFileReference; explicitFileType = wrapper.cfbundle; includeInIndex = 0; path = produceheroTests.xctest; sourceTree = BUILT_PRODUCTS_DIR; };
		029CF66923F76F5000D6ACBD /* produceheroTests.swift */ = {isa = PBXFileReference; lastKnownFileType = sourcecode.swift; path = produceheroTests.swift; sourceTree = "<group>"; };
		029CF66B23F76F5000D6ACBD /* Info.plist */ = {isa = PBXFileReference; lastKnownFileType = text.plist.xml; path = Info.plist; sourceTree = "<group>"; };
		029CF67023F76F5000D6ACBD /* produceheroUITests.xctest */ = {isa = PBXFileReference; explicitFileType = wrapper.cfbundle; includeInIndex = 0; path = produceheroUITests.xctest; sourceTree = BUILT_PRODUCTS_DIR; };
		029CF67423F76F5000D6ACBD /* produceheroUITests.swift */ = {isa = PBXFileReference; lastKnownFileType = sourcecode.swift; path = produceheroUITests.swift; sourceTree = "<group>"; };
		029CF67623F76F5000D6ACBD /* Info.plist */ = {isa = PBXFileReference; lastKnownFileType = text.plist.xml; path = Info.plist; sourceTree = "<group>"; };
		029CF68523F7703B00D6ACBD /* Default-568h@2x.png */ = {isa = PBXFileReference; lastKnownFileType = image.png; path = "Default-568h@2x.png"; sourceTree = "<group>"; };
		029CF68B23F86B5C00D6ACBD /* LoginViewController.swift */ = {isa = PBXFileReference; lastKnownFileType = sourcecode.swift; path = LoginViewController.swift; sourceTree = "<group>"; };
		029CF68D23F86B7000D6ACBD /* LoginViewController.storyboard */ = {isa = PBXFileReference; lastKnownFileType = file.storyboard; path = LoginViewController.storyboard; sourceTree = "<group>"; };
		029CF68F23F86CA500D6ACBD /* istockphoto-589415708-1024x1024.jpg */ = {isa = PBXFileReference; lastKnownFileType = image.jpeg; path = "istockphoto-589415708-1024x1024.jpg"; sourceTree = "<group>"; };
		029CF69223F8828200D6ACBD /* LoginService.swift */ = {isa = PBXFileReference; lastKnownFileType = sourcecode.swift; path = LoginService.swift; sourceTree = "<group>"; };
		029CF69723F8904B00D6ACBD /* User.swift */ = {isa = PBXFileReference; lastKnownFileType = sourcecode.swift; path = User.swift; sourceTree = "<group>"; };
		029CF69923F8B32E00D6ACBD /* Route.swift */ = {isa = PBXFileReference; lastKnownFileType = sourcecode.swift; path = Route.swift; sourceTree = "<group>"; };
		029CF69B23F8BC5F00D6ACBD /* RouteService.swift */ = {isa = PBXFileReference; lastKnownFileType = sourcecode.swift; path = RouteService.swift; sourceTree = "<group>"; };
		029CF69D23F8BCE300D6ACBD /* RoutePlan.swift */ = {isa = PBXFileReference; lastKnownFileType = sourcecode.swift; path = RoutePlan.swift; sourceTree = "<group>"; };
		029CF69F23F8C14800D6ACBD /* OrderItem.swift */ = {isa = PBXFileReference; lastKnownFileType = sourcecode.swift; path = OrderItem.swift; sourceTree = "<group>"; };
		029CF6A223F8F2BF00D6ACBD /* OrderViewController.swift */ = {isa = PBXFileReference; lastKnownFileType = sourcecode.swift; path = OrderViewController.swift; sourceTree = "<group>"; };
		029CF6A423F8F2CE00D6ACBD /* OrderViewController.storyboard */ = {isa = PBXFileReference; lastKnownFileType = file.storyboard; path = OrderViewController.storyboard; sourceTree = "<group>"; };
		029CF6A723F8F73500D6ACBD /* RoutePlanViewController.swift */ = {isa = PBXFileReference; lastKnownFileType = sourcecode.swift; path = RoutePlanViewController.swift; sourceTree = "<group>"; };
		029CF6A923F8F74200D6ACBD /* RoutePlanViewController.storyboard */ = {isa = PBXFileReference; lastKnownFileType = file.storyboard; path = RoutePlanViewController.storyboard; sourceTree = "<group>"; };
		029CF6AC23F8FDEE00D6ACBD /* RoutePlanCell.swift */ = {isa = PBXFileReference; lastKnownFileType = sourcecode.swift; path = RoutePlanCell.swift; sourceTree = "<group>"; };
		029CF6AD23F8FDEE00D6ACBD /* RoutePlanCell.xib */ = {isa = PBXFileReference; lastKnownFileType = file.xib; path = RoutePlanCell.xib; sourceTree = "<group>"; };
		029CF6B223F9972800D6ACBD /* UIColor+ProduceHero.swift */ = {isa = PBXFileReference; lastKnownFileType = sourcecode.swift; path = "UIColor+ProduceHero.swift"; sourceTree = "<group>"; };
		029CF6B423F9A28D00D6ACBD /* ShadowButton.swift */ = {isa = PBXFileReference; lastKnownFileType = sourcecode.swift; path = ShadowButton.swift; sourceTree = "<group>"; };
		029CF6B723F9BCB200D6ACBD /* OrderItemCell.swift */ = {isa = PBXFileReference; lastKnownFileType = sourcecode.swift; path = OrderItemCell.swift; sourceTree = "<group>"; };
		029CF6B823F9BCB200D6ACBD /* OrderItemCell.xib */ = {isa = PBXFileReference; lastKnownFileType = file.xib; path = OrderItemCell.xib; sourceTree = "<group>"; };
		029CF6BE23F9FB9500D6ACBD /* SignOrderViewController.swift */ = {isa = PBXFileReference; lastKnownFileType = sourcecode.swift; path = SignOrderViewController.swift; sourceTree = "<group>"; };
		029CF6C023F9FBB900D6ACBD /* SignOrderViewController.storyboard */ = {isa = PBXFileReference; lastKnownFileType = file.storyboard; path = SignOrderViewController.storyboard; sourceTree = "<group>"; };
		029CF6C223FA0DBC00D6ACBD /* CanvasView.swift */ = {isa = PBXFileReference; lastKnownFileType = sourcecode.swift; path = CanvasView.swift; sourceTree = "<group>"; };
		029CF6C523FA450300D6ACBD /* EditOrderItemViewController.swift */ = {isa = PBXFileReference; lastKnownFileType = sourcecode.swift; path = EditOrderItemViewController.swift; sourceTree = "<group>"; };
		029CF6C723FA451B00D6ACBD /* EditOrderItemViewController.storyboard */ = {isa = PBXFileReference; lastKnownFileType = file.storyboard; path = EditOrderItemViewController.storyboard; sourceTree = "<group>"; };
		02F509B923FAFB4100BBB06C /* QuantityCounterView.swift */ = {isa = PBXFileReference; lastKnownFileType = sourcecode.swift; path = QuantityCounterView.swift; sourceTree = "<group>"; };
		02F509BB23FAFB5300BBB06C /* QuantityCounterView.xib */ = {isa = PBXFileReference; lastKnownFileType = file.xib; path = QuantityCounterView.xib; sourceTree = "<group>"; };
/* End PBXFileReference section */

/* Begin PBXFrameworksBuildPhase section */
		029CF64C23F76F4E00D6ACBD /* Frameworks */ = {
			isa = PBXFrameworksBuildPhase;
			buildActionMask = 2147483647;
			files = (
			);
			runOnlyForDeploymentPostprocessing = 0;
		};
		029CF66223F76F5000D6ACBD /* Frameworks */ = {
			isa = PBXFrameworksBuildPhase;
			buildActionMask = 2147483647;
			files = (
			);
			runOnlyForDeploymentPostprocessing = 0;
		};
		029CF66D23F76F5000D6ACBD /* Frameworks */ = {
			isa = PBXFrameworksBuildPhase;
			buildActionMask = 2147483647;
			files = (
			);
			runOnlyForDeploymentPostprocessing = 0;
		};
/* End PBXFrameworksBuildPhase section */

/* Begin PBXGroup section */
		029CF64623F76F4E00D6ACBD = {
			isa = PBXGroup;
			children = (
				029CF65123F76F4E00D6ACBD /* producehero */,
				029CF66823F76F5000D6ACBD /* produceheroTests */,
				029CF67323F76F5000D6ACBD /* produceheroUITests */,
				029CF65023F76F4E00D6ACBD /* Products */,
			);
			sourceTree = "<group>";
		};
		029CF65023F76F4E00D6ACBD /* Products */ = {
			isa = PBXGroup;
			children = (
				029CF64F23F76F4E00D6ACBD /* producehero.app */,
				029CF66523F76F5000D6ACBD /* produceheroTests.xctest */,
				029CF67023F76F5000D6ACBD /* produceheroUITests.xctest */,
			);
			name = Products;
			sourceTree = "<group>";
		};
		029CF65123F76F4E00D6ACBD /* producehero */ = {
			isa = PBXGroup;
			children = (
				029CF68223F76FAD00D6ACBD /* Sources */,
				029CF68323F76FCF00D6ACBD /* Resources */,
				029CF68423F76FD700D6ACBD /* Supporting Files */,
			);
			path = producehero;
			sourceTree = "<group>";
		};
		029CF66823F76F5000D6ACBD /* produceheroTests */ = {
			isa = PBXGroup;
			children = (
				029CF66923F76F5000D6ACBD /* produceheroTests.swift */,
				029CF66B23F76F5000D6ACBD /* Info.plist */,
			);
			path = produceheroTests;
			sourceTree = "<group>";
		};
		029CF67323F76F5000D6ACBD /* produceheroUITests */ = {
			isa = PBXGroup;
			children = (
				029CF67423F76F5000D6ACBD /* produceheroUITests.swift */,
				029CF67623F76F5000D6ACBD /* Info.plist */,
			);
			path = produceheroUITests;
			sourceTree = "<group>";
		};
		029CF68223F76FAD00D6ACBD /* Sources */ = {
			isa = PBXGroup;
			children = (
				029CF68823F859C400D6ACBD /* Entry */,
				029CF69623F8902500D6ACBD /* Models */,
				029CF69123F8800000D6ACBD /* Services */,
				029CF68723F8593500D6ACBD /* ViewControllers */,
				029CF6B123F90C1E00D6ACBD /* Extensions */,
				029CF6B023F9060800D6ACBD /* SharedViews */,
			);
			path = Sources;
			sourceTree = "<group>";
		};
		029CF68323F76FCF00D6ACBD /* Resources */ = {
			isa = PBXGroup;
			children = (
				029CF68F23F86CA500D6ACBD /* istockphoto-589415708-1024x1024.jpg */,
				029CF68523F7703B00D6ACBD /* Default-568h@2x.png */,
				029CF65B23F76F5000D6ACBD /* Assets.xcassets */,
				029CF65D23F76F5000D6ACBD /* LaunchScreen.storyboard */,
			);
			path = Resources;
			sourceTree = "<group>";
		};
		029CF68423F76FD700D6ACBD /* Supporting Files */ = {
			isa = PBXGroup;
			children = (
				029CF66023F76F5000D6ACBD /* Info.plist */,
			);
			path = "Supporting Files";
			sourceTree = "<group>";
		};
		029CF68723F8593500D6ACBD /* ViewControllers */ = {
			isa = PBXGroup;
			children = (
				029CF68A23F8699100D6ACBD /* Login */,
				029CF68923F85D3A00D6ACBD /* Routes */,
				029CF6A623F8F72400D6ACBD /* RoutePlan */,
				029CF6A123F8F2AB00D6ACBD /* Order */,
				029CF6BD23F9FB6B00D6ACBD /* SignOrder */,
				029CF6C423FA44CE00D6ACBD /* EditOrderItem */,
			);
			path = ViewControllers;
			sourceTree = "<group>";
		};
		029CF68823F859C400D6ACBD /* Entry */ = {
			isa = PBXGroup;
			children = (
				029CF65223F76F4E00D6ACBD /* AppDelegate.swift */,
			);
			path = Entry;
			sourceTree = "<group>";
		};
		029CF68923F85D3A00D6ACBD /* Routes */ = {
			isa = PBXGroup;
			children = (
				029CF65623F76F4E00D6ACBD /* RoutesViewController.swift */,
				029CF65823F76F4E00D6ACBD /* RoutesViewController.storyboard */,
			);
			path = Routes;
			sourceTree = "<group>";
		};
		029CF68A23F8699100D6ACBD /* Login */ = {
			isa = PBXGroup;
			children = (
				029CF68B23F86B5C00D6ACBD /* LoginViewController.swift */,
				029CF68D23F86B7000D6ACBD /* LoginViewController.storyboard */,
			);
			path = Login;
			sourceTree = "<group>";
		};
		029CF69123F8800000D6ACBD /* Services */ = {
			isa = PBXGroup;
			children = (
				029CF69223F8828200D6ACBD /* LoginService.swift */,
				029CF69B23F8BC5F00D6ACBD /* RouteService.swift */,
			);
			path = Services;
			sourceTree = "<group>";
		};
		029CF69623F8902500D6ACBD /* Models */ = {
			isa = PBXGroup;
			children = (
				029CF69723F8904B00D6ACBD /* User.swift */,
				029CF69923F8B32E00D6ACBD /* Route.swift */,
				029CF69D23F8BCE300D6ACBD /* RoutePlan.swift */,
				029CF69F23F8C14800D6ACBD /* OrderItem.swift */,
			);
			path = Models;
			sourceTree = "<group>";
		};
		029CF6A123F8F2AB00D6ACBD /* Order */ = {
			isa = PBXGroup;
			children = (
				029CF6B623F9BC9600D6ACBD /* Views */,
				029CF6A223F8F2BF00D6ACBD /* OrderViewController.swift */,
				029CF6A423F8F2CE00D6ACBD /* OrderViewController.storyboard */,
			);
			path = Order;
			sourceTree = "<group>";
		};
		029CF6A623F8F72400D6ACBD /* RoutePlan */ = {
			isa = PBXGroup;
			children = (
				029CF6AB23F8FD3700D6ACBD /* Views */,
				029CF6A723F8F73500D6ACBD /* RoutePlanViewController.swift */,
				029CF6A923F8F74200D6ACBD /* RoutePlanViewController.storyboard */,
			);
			path = RoutePlan;
			sourceTree = "<group>";
		};
		029CF6AB23F8FD3700D6ACBD /* Views */ = {
			isa = PBXGroup;
			children = (
				029CF6AC23F8FDEE00D6ACBD /* RoutePlanCell.swift */,
				029CF6AD23F8FDEE00D6ACBD /* RoutePlanCell.xib */,
			);
			path = Views;
			sourceTree = "<group>";
		};
		029CF6B023F9060800D6ACBD /* SharedViews */ = {
			isa = PBXGroup;
			children = (
				029CF6B423F9A28D00D6ACBD /* ShadowButton.swift */,
				029CF6C223FA0DBC00D6ACBD /* CanvasView.swift */,
			);
			path = SharedViews;
			sourceTree = "<group>";
		};
		029CF6B123F90C1E00D6ACBD /* Extensions */ = {
			isa = PBXGroup;
			children = (
				029CF6B223F9972800D6ACBD /* UIColor+ProduceHero.swift */,
			);
			path = Extensions;
			sourceTree = "<group>";
		};
		029CF6B623F9BC9600D6ACBD /* Views */ = {
			isa = PBXGroup;
			children = (
				029CF6B723F9BCB200D6ACBD /* OrderItemCell.swift */,
				029CF6B823F9BCB200D6ACBD /* OrderItemCell.xib */,
			);
			path = Views;
			sourceTree = "<group>";
		};
		029CF6BD23F9FB6B00D6ACBD /* SignOrder */ = {
			isa = PBXGroup;
			children = (
				029CF6BE23F9FB9500D6ACBD /* SignOrderViewController.swift */,
				029CF6C023F9FBB900D6ACBD /* SignOrderViewController.storyboard */,
			);
			path = SignOrder;
			sourceTree = "<group>";
		};
		029CF6C423FA44CE00D6ACBD /* EditOrderItem */ = {
			isa = PBXGroup;
			children = (
				02F509B823FAF67900BBB06C /* Views */,
				029CF6C523FA450300D6ACBD /* EditOrderItemViewController.swift */,
				029CF6C723FA451B00D6ACBD /* EditOrderItemViewController.storyboard */,
			);
			path = EditOrderItem;
			sourceTree = "<group>";
		};
		02F509B823FAF67900BBB06C /* Views */ = {
			isa = PBXGroup;
			children = (
				02F509B923FAFB4100BBB06C /* QuantityCounterView.swift */,
				02F509BB23FAFB5300BBB06C /* QuantityCounterView.xib */,
			);
			path = Views;
			sourceTree = "<group>";
		};
/* End PBXGroup section */

/* Begin PBXNativeTarget section */
		029CF64E23F76F4E00D6ACBD /* producehero */ = {
			isa = PBXNativeTarget;
			buildConfigurationList = 029CF67923F76F5000D6ACBD /* Build configuration list for PBXNativeTarget "producehero" */;
			buildPhases = (
				029CF64B23F76F4E00D6ACBD /* Sources */,
				029CF64C23F76F4E00D6ACBD /* Frameworks */,
				029CF64D23F76F4E00D6ACBD /* Resources */,
			);
			buildRules = (
			);
			dependencies = (
			);
			name = producehero;
			productName = producehero;
			productReference = 029CF64F23F76F4E00D6ACBD /* producehero.app */;
			productType = "com.apple.product-type.application";
		};
		029CF66423F76F5000D6ACBD /* produceheroTests */ = {
			isa = PBXNativeTarget;
			buildConfigurationList = 029CF67C23F76F5000D6ACBD /* Build configuration list for PBXNativeTarget "produceheroTests" */;
			buildPhases = (
				029CF66123F76F5000D6ACBD /* Sources */,
				029CF66223F76F5000D6ACBD /* Frameworks */,
				029CF66323F76F5000D6ACBD /* Resources */,
			);
			buildRules = (
			);
			dependencies = (
				029CF66723F76F5000D6ACBD /* PBXTargetDependency */,
			);
			name = produceheroTests;
			productName = produceheroTests;
			productReference = 029CF66523F76F5000D6ACBD /* produceheroTests.xctest */;
			productType = "com.apple.product-type.bundle.unit-test";
		};
		029CF66F23F76F5000D6ACBD /* produceheroUITests */ = {
			isa = PBXNativeTarget;
			buildConfigurationList = 029CF67F23F76F5000D6ACBD /* Build configuration list for PBXNativeTarget "produceheroUITests" */;
			buildPhases = (
				029CF66C23F76F5000D6ACBD /* Sources */,
				029CF66D23F76F5000D6ACBD /* Frameworks */,
				029CF66E23F76F5000D6ACBD /* Resources */,
			);
			buildRules = (
			);
			dependencies = (
				029CF67223F76F5000D6ACBD /* PBXTargetDependency */,
			);
			name = produceheroUITests;
			productName = produceheroUITests;
			productReference = 029CF67023F76F5000D6ACBD /* produceheroUITests.xctest */;
			productType = "com.apple.product-type.bundle.ui-testing";
		};
/* End PBXNativeTarget section */

/* Begin PBXProject section */
		029CF64723F76F4E00D6ACBD /* Project object */ = {
			isa = PBXProject;
			attributes = {
				LastSwiftUpdateCheck = 1130;
				LastUpgradeCheck = 1130;
				ORGANIZATIONNAME = "Ted Kim";
				TargetAttributes = {
					029CF64E23F76F4E00D6ACBD = {
						CreatedOnToolsVersion = 11.3.1;
					};
					029CF66423F76F5000D6ACBD = {
						CreatedOnToolsVersion = 11.3.1;
						TestTargetID = 029CF64E23F76F4E00D6ACBD;
					};
					029CF66F23F76F5000D6ACBD = {
						CreatedOnToolsVersion = 11.3.1;
						TestTargetID = 029CF64E23F76F4E00D6ACBD;
					};
				};
			};
			buildConfigurationList = 029CF64A23F76F4E00D6ACBD /* Build configuration list for PBXProject "producehero" */;
			compatibilityVersion = "Xcode 9.3";
			developmentRegion = en;
			hasScannedForEncodings = 0;
			knownRegions = (
				en,
				Base,
			);
			mainGroup = 029CF64623F76F4E00D6ACBD;
			productRefGroup = 029CF65023F76F4E00D6ACBD /* Products */;
			projectDirPath = "";
			projectRoot = "";
			targets = (
				029CF64E23F76F4E00D6ACBD /* producehero */,
				029CF66423F76F5000D6ACBD /* produceheroTests */,
				029CF66F23F76F5000D6ACBD /* produceheroUITests */,
			);
		};
/* End PBXProject section */

/* Begin PBXResourcesBuildPhase section */
		029CF64D23F76F4E00D6ACBD /* Resources */ = {
			isa = PBXResourcesBuildPhase;
			buildActionMask = 2147483647;
			files = (
				029CF6A523F8F2CE00D6ACBD /* OrderViewController.storyboard in Resources */,
				029CF6C823FA451B00D6ACBD /* EditOrderItemViewController.storyboard in Resources */,
				029CF6AF23F8FDEE00D6ACBD /* RoutePlanCell.xib in Resources */,
				029CF65F23F76F5000D6ACBD /* LaunchScreen.storyboard in Resources */,
				029CF6C123F9FBB900D6ACBD /* SignOrderViewController.storyboard in Resources */,
				02F509BC23FAFB5300BBB06C /* QuantityCounterView.xib in Resources */,
				029CF6AA23F8F74200D6ACBD /* RoutePlanViewController.storyboard in Resources */,
				029CF68623F7703B00D6ACBD /* Default-568h@2x.png in Resources */,
				029CF6BA23F9BCB200D6ACBD /* OrderItemCell.xib in Resources */,
				029CF68E23F86B7000D6ACBD /* LoginViewController.storyboard in Resources */,
				029CF65C23F76F5000D6ACBD /* Assets.xcassets in Resources */,
				029CF69023F86CA600D6ACBD /* istockphoto-589415708-1024x1024.jpg in Resources */,
				029CF65A23F76F4E00D6ACBD /* RoutesViewController.storyboard in Resources */,
			);
			runOnlyForDeploymentPostprocessing = 0;
		};
		029CF66323F76F5000D6ACBD /* Resources */ = {
			isa = PBXResourcesBuildPhase;
			buildActionMask = 2147483647;
			files = (
			);
			runOnlyForDeploymentPostprocessing = 0;
		};
		029CF66E23F76F5000D6ACBD /* Resources */ = {
			isa = PBXResourcesBuildPhase;
			buildActionMask = 2147483647;
			files = (
			);
			runOnlyForDeploymentPostprocessing = 0;
		};
/* End PBXResourcesBuildPhase section */

/* Begin PBXSourcesBuildPhase section */
		029CF64B23F76F4E00D6ACBD /* Sources */ = {
			isa = PBXSourcesBuildPhase;
			buildActionMask = 2147483647;
			files = (
				029CF6B523F9A28D00D6ACBD /* ShadowButton.swift in Sources */,
				029CF68C23F86B5C00D6ACBD /* LoginViewController.swift in Sources */,
				029CF69823F8904B00D6ACBD /* User.swift in Sources */,
				029CF65723F76F4E00D6ACBD /* RoutesViewController.swift in Sources */,
				029CF65323F76F4E00D6ACBD /* AppDelegate.swift in Sources */,
				02F509BA23FAFB4100BBB06C /* QuantityCounterView.swift in Sources */,
				029CF6A823F8F73500D6ACBD /* RoutePlanViewController.swift in Sources */,
				029CF6AE23F8FDEE00D6ACBD /* RoutePlanCell.swift in Sources */,
				029CF6C323FA0DBC00D6ACBD /* CanvasView.swift in Sources */,
				029CF69C23F8BC5F00D6ACBD /* RouteService.swift in Sources */,
				029CF6B923F9BCB200D6ACBD /* OrderItemCell.swift in Sources */,
				029CF6B323F9972800D6ACBD /* UIColor+ProduceHero.swift in Sources */,
				029CF6C623FA450300D6ACBD /* EditOrderItemViewController.swift in Sources */,
				029CF6BF23F9FB9500D6ACBD /* SignOrderViewController.swift in Sources */,
				029CF69E23F8BCE300D6ACBD /* RoutePlan.swift in Sources */,
				029CF6A023F8C14900D6ACBD /* OrderItem.swift in Sources */,
				029CF69A23F8B32E00D6ACBD /* Route.swift in Sources */,
				029CF6A323F8F2BF00D6ACBD /* OrderViewController.swift in Sources */,
				029CF69323F8828200D6ACBD /* LoginService.swift in Sources */,
			);
			runOnlyForDeploymentPostprocessing = 0;
		};
		029CF66123F76F5000D6ACBD /* Sources */ = {
			isa = PBXSourcesBuildPhase;
			buildActionMask = 2147483647;
			files = (
				029CF66A23F76F5000D6ACBD /* produceheroTests.swift in Sources */,
			);
			runOnlyForDeploymentPostprocessing = 0;
		};
		029CF66C23F76F5000D6ACBD /* Sources */ = {
			isa = PBXSourcesBuildPhase;
			buildActionMask = 2147483647;
			files = (
				029CF67523F76F5000D6ACBD /* produceheroUITests.swift in Sources */,
			);
			runOnlyForDeploymentPostprocessing = 0;
		};
/* End PBXSourcesBuildPhase section */

/* Begin PBXTargetDependency section */
		029CF66723F76F5000D6ACBD /* PBXTargetDependency */ = {
			isa = PBXTargetDependency;
			target = 029CF64E23F76F4E00D6ACBD /* producehero */;
			targetProxy = 029CF66623F76F5000D6ACBD /* PBXContainerItemProxy */;
		};
		029CF67223F76F5000D6ACBD /* PBXTargetDependency */ = {
			isa = PBXTargetDependency;
			target = 029CF64E23F76F4E00D6ACBD /* producehero */;
			targetProxy = 029CF67123F76F5000D6ACBD /* PBXContainerItemProxy */;
		};
/* End PBXTargetDependency section */

/* Begin PBXVariantGroup section */
		029CF65823F76F4E00D6ACBD /* RoutesViewController.storyboard */ = {
			isa = PBXVariantGroup;
			children = (
				029CF65923F76F4E00D6ACBD /* Base */,
			);
			name = RoutesViewController.storyboard;
			sourceTree = "<group>";
		};
		029CF65D23F76F5000D6ACBD /* LaunchScreen.storyboard */ = {
			isa = PBXVariantGroup;
			children = (
				029CF65E23F76F5000D6ACBD /* Base */,
			);
			name = LaunchScreen.storyboard;
			sourceTree = "<group>";
		};
/* End PBXVariantGroup section */

/* Begin XCBuildConfiguration section */
		029CF67723F76F5000D6ACBD /* Debug */ = {
			isa = XCBuildConfiguration;
			buildSettings = {
				ALWAYS_SEARCH_USER_PATHS = NO;
				CLANG_ANALYZER_NONNULL = YES;
				CLANG_ANALYZER_NUMBER_OBJECT_CONVERSION = YES_AGGRESSIVE;
				CLANG_CXX_LANGUAGE_STANDARD = "gnu++14";
				CLANG_CXX_LIBRARY = "libc++";
				CLANG_ENABLE_MODULES = YES;
				CLANG_ENABLE_OBJC_ARC = YES;
				CLANG_ENABLE_OBJC_WEAK = YES;
				CLANG_WARN_BLOCK_CAPTURE_AUTORELEASING = YES;
				CLANG_WARN_BOOL_CONVERSION = YES;
				CLANG_WARN_COMMA = YES;
				CLANG_WARN_CONSTANT_CONVERSION = YES;
				CLANG_WARN_DEPRECATED_OBJC_IMPLEMENTATIONS = YES;
				CLANG_WARN_DIRECT_OBJC_ISA_USAGE = YES_ERROR;
				CLANG_WARN_DOCUMENTATION_COMMENTS = YES;
				CLANG_WARN_EMPTY_BODY = YES;
				CLANG_WARN_ENUM_CONVERSION = YES;
				CLANG_WARN_INFINITE_RECURSION = YES;
				CLANG_WARN_INT_CONVERSION = YES;
				CLANG_WARN_NON_LITERAL_NULL_CONVERSION = YES;
				CLANG_WARN_OBJC_IMPLICIT_RETAIN_SELF = YES;
				CLANG_WARN_OBJC_LITERAL_CONVERSION = YES;
				CLANG_WARN_OBJC_ROOT_CLASS = YES_ERROR;
				CLANG_WARN_RANGE_LOOP_ANALYSIS = YES;
				CLANG_WARN_STRICT_PROTOTYPES = YES;
				CLANG_WARN_SUSPICIOUS_MOVE = YES;
				CLANG_WARN_UNGUARDED_AVAILABILITY = YES_AGGRESSIVE;
				CLANG_WARN_UNREACHABLE_CODE = YES;
				CLANG_WARN__DUPLICATE_METHOD_MATCH = YES;
				COPY_PHASE_STRIP = NO;
				DEBUG_INFORMATION_FORMAT = dwarf;
				ENABLE_STRICT_OBJC_MSGSEND = YES;
				ENABLE_TESTABILITY = YES;
				GCC_C_LANGUAGE_STANDARD = gnu11;
				GCC_DYNAMIC_NO_PIC = NO;
				GCC_NO_COMMON_BLOCKS = YES;
				GCC_OPTIMIZATION_LEVEL = 0;
				GCC_PREPROCESSOR_DEFINITIONS = (
					"DEBUG=1",
					"$(inherited)",
				);
				GCC_WARN_64_TO_32_BIT_CONVERSION = YES;
				GCC_WARN_ABOUT_RETURN_TYPE = YES_ERROR;
				GCC_WARN_UNDECLARED_SELECTOR = YES;
				GCC_WARN_UNINITIALIZED_AUTOS = YES_AGGRESSIVE;
				GCC_WARN_UNUSED_FUNCTION = YES;
				GCC_WARN_UNUSED_VARIABLE = YES;
				IPHONEOS_DEPLOYMENT_TARGET = 13.2;
				MTL_ENABLE_DEBUG_INFO = INCLUDE_SOURCE;
				MTL_FAST_MATH = YES;
				ONLY_ACTIVE_ARCH = YES;
				SDKROOT = iphoneos;
				SWIFT_ACTIVE_COMPILATION_CONDITIONS = DEBUG;
				SWIFT_OPTIMIZATION_LEVEL = "-Onone";
			};
			name = Debug;
		};
		029CF67823F76F5000D6ACBD /* Release */ = {
			isa = XCBuildConfiguration;
			buildSettings = {
				ALWAYS_SEARCH_USER_PATHS = NO;
				CLANG_ANALYZER_NONNULL = YES;
				CLANG_ANALYZER_NUMBER_OBJECT_CONVERSION = YES_AGGRESSIVE;
				CLANG_CXX_LANGUAGE_STANDARD = "gnu++14";
				CLANG_CXX_LIBRARY = "libc++";
				CLANG_ENABLE_MODULES = YES;
				CLANG_ENABLE_OBJC_ARC = YES;
				CLANG_ENABLE_OBJC_WEAK = YES;
				CLANG_WARN_BLOCK_CAPTURE_AUTORELEASING = YES;
				CLANG_WARN_BOOL_CONVERSION = YES;
				CLANG_WARN_COMMA = YES;
				CLANG_WARN_CONSTANT_CONVERSION = YES;
				CLANG_WARN_DEPRECATED_OBJC_IMPLEMENTATIONS = YES;
				CLANG_WARN_DIRECT_OBJC_ISA_USAGE = YES_ERROR;
				CLANG_WARN_DOCUMENTATION_COMMENTS = YES;
				CLANG_WARN_EMPTY_BODY = YES;
				CLANG_WARN_ENUM_CONVERSION = YES;
				CLANG_WARN_INFINITE_RECURSION = YES;
				CLANG_WARN_INT_CONVERSION = YES;
				CLANG_WARN_NON_LITERAL_NULL_CONVERSION = YES;
				CLANG_WARN_OBJC_IMPLICIT_RETAIN_SELF = YES;
				CLANG_WARN_OBJC_LITERAL_CONVERSION = YES;
				CLANG_WARN_OBJC_ROOT_CLASS = YES_ERROR;
				CLANG_WARN_RANGE_LOOP_ANALYSIS = YES;
				CLANG_WARN_STRICT_PROTOTYPES = YES;
				CLANG_WARN_SUSPICIOUS_MOVE = YES;
				CLANG_WARN_UNGUARDED_AVAILABILITY = YES_AGGRESSIVE;
				CLANG_WARN_UNREACHABLE_CODE = YES;
				CLANG_WARN__DUPLICATE_METHOD_MATCH = YES;
				COPY_PHASE_STRIP = NO;
				DEBUG_INFORMATION_FORMAT = "dwarf-with-dsym";
				ENABLE_NS_ASSERTIONS = NO;
				ENABLE_STRICT_OBJC_MSGSEND = YES;
				GCC_C_LANGUAGE_STANDARD = gnu11;
				GCC_NO_COMMON_BLOCKS = YES;
				GCC_WARN_64_TO_32_BIT_CONVERSION = YES;
				GCC_WARN_ABOUT_RETURN_TYPE = YES_ERROR;
				GCC_WARN_UNDECLARED_SELECTOR = YES;
				GCC_WARN_UNINITIALIZED_AUTOS = YES_AGGRESSIVE;
				GCC_WARN_UNUSED_FUNCTION = YES;
				GCC_WARN_UNUSED_VARIABLE = YES;
				IPHONEOS_DEPLOYMENT_TARGET = 13.2;
				MTL_ENABLE_DEBUG_INFO = NO;
				MTL_FAST_MATH = YES;
				SDKROOT = iphoneos;
				SWIFT_COMPILATION_MODE = wholemodule;
				SWIFT_OPTIMIZATION_LEVEL = "-O";
				VALIDATE_PRODUCT = YES;
			};
			name = Release;
		};
		029CF67A23F76F5000D6ACBD /* Debug */ = {
			isa = XCBuildConfiguration;
			buildSettings = {
				ASSETCATALOG_COMPILER_APPICON_NAME = AppIcon;
				CODE_SIGN_STYLE = Automatic;
				DEVELOPMENT_TEAM = 75AF4P3LCH;
				INFOPLIST_FILE = "producehero/Supporting Files/Info.plist";
				LD_RUNPATH_SEARCH_PATHS = (
					"$(inherited)",
					"@executable_path/Frameworks",
				);
				PRODUCT_BUNDLE_IDENTIFIER = com.tedkim.producehero;
				PRODUCT_NAME = "$(TARGET_NAME)";
				SWIFT_VERSION = 5.0;
				TARGETED_DEVICE_FAMILY = "1,2";
			};
			name = Debug;
		};
		029CF67B23F76F5000D6ACBD /* Release */ = {
			isa = XCBuildConfiguration;
			buildSettings = {
				ASSETCATALOG_COMPILER_APPICON_NAME = AppIcon;
				CODE_SIGN_STYLE = Automatic;
				DEVELOPMENT_TEAM = 75AF4P3LCH;
				INFOPLIST_FILE = "producehero/Supporting Files/Info.plist";
				LD_RUNPATH_SEARCH_PATHS = (
					"$(inherited)",
					"@executable_path/Frameworks",
				);
				PRODUCT_BUNDLE_IDENTIFIER = com.tedkim.producehero;
				PRODUCT_NAME = "$(TARGET_NAME)";
				SWIFT_VERSION = 5.0;
				TARGETED_DEVICE_FAMILY = "1,2";
			};
			name = Release;
		};
		029CF67D23F76F5000D6ACBD /* Debug */ = {
			isa = XCBuildConfiguration;
			buildSettings = {
				ALWAYS_EMBED_SWIFT_STANDARD_LIBRARIES = YES;
				BUNDLE_LOADER = "$(TEST_HOST)";
				CODE_SIGN_STYLE = Automatic;
				DEVELOPMENT_TEAM = 75AF4P3LCH;
				INFOPLIST_FILE = produceheroTests/Info.plist;
				IPHONEOS_DEPLOYMENT_TARGET = 13.2;
				LD_RUNPATH_SEARCH_PATHS = (
					"$(inherited)",
					"@executable_path/Frameworks",
					"@loader_path/Frameworks",
				);
				PRODUCT_BUNDLE_IDENTIFIER = com.tedkim.produceheroTests;
				PRODUCT_NAME = "$(TARGET_NAME)";
				SWIFT_VERSION = 5.0;
				TARGETED_DEVICE_FAMILY = "1,2";
				TEST_HOST = "$(BUILT_PRODUCTS_DIR)/producehero.app/producehero";
			};
			name = Debug;
		};
		029CF67E23F76F5000D6ACBD /* Release */ = {
			isa = XCBuildConfiguration;
			buildSettings = {
				ALWAYS_EMBED_SWIFT_STANDARD_LIBRARIES = YES;
				BUNDLE_LOADER = "$(TEST_HOST)";
				CODE_SIGN_STYLE = Automatic;
				DEVELOPMENT_TEAM = 75AF4P3LCH;
				INFOPLIST_FILE = produceheroTests/Info.plist;
				IPHONEOS_DEPLOYMENT_TARGET = 13.2;
				LD_RUNPATH_SEARCH_PATHS = (
					"$(inherited)",
					"@executable_path/Frameworks",
					"@loader_path/Frameworks",
				);
				PRODUCT_BUNDLE_IDENTIFIER = com.tedkim.produceheroTests;
				PRODUCT_NAME = "$(TARGET_NAME)";
				SWIFT_VERSION = 5.0;
				TARGETED_DEVICE_FAMILY = "1,2";
				TEST_HOST = "$(BUILT_PRODUCTS_DIR)/producehero.app/producehero";
			};
			name = Release;
		};
		029CF68023F76F5000D6ACBD /* Debug */ = {
			isa = XCBuildConfiguration;
			buildSettings = {
				ALWAYS_EMBED_SWIFT_STANDARD_LIBRARIES = YES;
				CODE_SIGN_STYLE = Automatic;
				DEVELOPMENT_TEAM = 75AF4P3LCH;
				INFOPLIST_FILE = produceheroUITests/Info.plist;
				LD_RUNPATH_SEARCH_PATHS = (
					"$(inherited)",
					"@executable_path/Frameworks",
					"@loader_path/Frameworks",
				);
				PRODUCT_BUNDLE_IDENTIFIER = com.tedkim.produceheroUITests;
				PRODUCT_NAME = "$(TARGET_NAME)";
				SWIFT_VERSION = 5.0;
				TARGETED_DEVICE_FAMILY = "1,2";
				TEST_TARGET_NAME = producehero;
			};
			name = Debug;
		};
		029CF68123F76F5000D6ACBD /* Release */ = {
			isa = XCBuildConfiguration;
			buildSettings = {
				ALWAYS_EMBED_SWIFT_STANDARD_LIBRARIES = YES;
				CODE_SIGN_STYLE = Automatic;
				DEVELOPMENT_TEAM = 75AF4P3LCH;
				INFOPLIST_FILE = produceheroUITests/Info.plist;
				LD_RUNPATH_SEARCH_PATHS = (
					"$(inherited)",
					"@executable_path/Frameworks",
					"@loader_path/Frameworks",
				);
				PRODUCT_BUNDLE_IDENTIFIER = com.tedkim.produceheroUITests;
				PRODUCT_NAME = "$(TARGET_NAME)";
				SWIFT_VERSION = 5.0;
				TARGETED_DEVICE_FAMILY = "1,2";
				TEST_TARGET_NAME = producehero;
			};
			name = Release;
		};
/* End XCBuildConfiguration section */

/* Begin XCConfigurationList section */
		029CF64A23F76F4E00D6ACBD /* Build configuration list for PBXProject "producehero" */ = {
			isa = XCConfigurationList;
			buildConfigurations = (
				029CF67723F76F5000D6ACBD /* Debug */,
				029CF67823F76F5000D6ACBD /* Release */,
			);
			defaultConfigurationIsVisible = 0;
			defaultConfigurationName = Release;
		};
		029CF67923F76F5000D6ACBD /* Build configuration list for PBXNativeTarget "producehero" */ = {
			isa = XCConfigurationList;
			buildConfigurations = (
				029CF67A23F76F5000D6ACBD /* Debug */,
				029CF67B23F76F5000D6ACBD /* Release */,
			);
			defaultConfigurationIsVisible = 0;
			defaultConfigurationName = Release;
		};
		029CF67C23F76F5000D6ACBD /* Build configuration list for PBXNativeTarget "produceheroTests" */ = {
			isa = XCConfigurationList;
			buildConfigurations = (
				029CF67D23F76F5000D6ACBD /* Debug */,
				029CF67E23F76F5000D6ACBD /* Release */,
			);
			defaultConfigurationIsVisible = 0;
			defaultConfigurationName = Release;
		};
		029CF67F23F76F5000D6ACBD /* Build configuration list for PBXNativeTarget "produceheroUITests" */ = {
			isa = XCConfigurationList;
			buildConfigurations = (
				029CF68023F76F5000D6ACBD /* Debug */,
				029CF68123F76F5000D6ACBD /* Release */,
			);
			defaultConfigurationIsVisible = 0;
			defaultConfigurationName = Release;
		};
/* End XCConfigurationList section */
	};
	rootObject = 029CF64723F76F4E00D6ACBD /* Project object */;
}
